// !$*UTF8*$!
{
	archiveVersion = 1;
	classes = {
	};
	objectVersion = 56;
	objects = {

/* Begin PBXBuildFile section */
		38D431B02A7CD0E8004CFC5A /* AppDelegate.swift in Sources */ = {isa = PBXBuildFile; fileRef = 38D431AF2A7CD0E8004CFC5A /* AppDelegate.swift */; };
		38D431B22A7CD0E8004CFC5A /* SceneDelegate.swift in Sources */ = {isa = PBXBuildFile; fileRef = 38D431B12A7CD0E8004CFC5A /* SceneDelegate.swift */; };
		38D431B72A7CD0E8004CFC5A /* Main.storyboard in Resources */ = {isa = PBXBuildFile; fileRef = 38D431B52A7CD0E8004CFC5A /* Main.storyboard */; };
		38D431B92A7CD0E9004CFC5A /* Assets.xcassets in Resources */ = {isa = PBXBuildFile; fileRef = 38D431B82A7CD0E9004CFC5A /* Assets.xcassets */; };
		38D431BC2A7CD0E9004CFC5A /* LaunchScreen.storyboard in Resources */ = {isa = PBXBuildFile; fileRef = 38D431BA2A7CD0E9004CFC5A /* LaunchScreen.storyboard */; };
		38D431C82A7D11E5004CFC5A /* SelectionViewController.swift in Sources */ = {isa = PBXBuildFile; fileRef = 38D431C72A7D11E5004CFC5A /* SelectionViewController.swift */; };
		38D431CD2A7D12D8004CFC5A /* VirtualPet.swift in Sources */ = {isa = PBXBuildFile; fileRef = 38D431CC2A7D12D8004CFC5A /* VirtualPet.swift */; };
		38D431D32A7D17A5004CFC5A /* VirtualPetInfo.swift in Sources */ = {isa = PBXBuildFile; fileRef = 38D431D22A7D17A5004CFC5A /* VirtualPetInfo.swift */; };
		38D431D52A7D1958004CFC5A /* Owner.swift in Sources */ = {isa = PBXBuildFile; fileRef = 38D431D42A7D1958004CFC5A /* Owner.swift */; };
		38D431DE2A7D2165004CFC5A /* VirtualPetCollectionViewCell.swift in Sources */ = {isa = PBXBuildFile; fileRef = 38D431DC2A7D2165004CFC5A /* VirtualPetCollectionViewCell.swift */; };
		38D431DF2A7D2165004CFC5A /* VirtualPetCollectionViewCell.xib in Resources */ = {isa = PBXBuildFile; fileRef = 38D431DD2A7D2165004CFC5A /* VirtualPetCollectionViewCell.xib */; };
		38D431E22A7D378F004CFC5A /* DetailPopupViewController.swift in Sources */ = {isa = PBXBuildFile; fileRef = 38D431E12A7D378F004CFC5A /* DetailPopupViewController.swift */; };
		38D431E52A7E2AD1004CFC5A /* MainViewController.swift in Sources */ = {isa = PBXBuildFile; fileRef = 38D431E42A7E2AD1004CFC5A /* MainViewController.swift */; };
/* End PBXBuildFile section */

/* Begin PBXFileReference section */
		38D431AC2A7CD0E8004CFC5A /* Tamagotchi.app */ = {isa = PBXFileReference; explicitFileType = wrapper.application; includeInIndex = 0; path = Tamagotchi.app; sourceTree = BUILT_PRODUCTS_DIR; };
		38D431AF2A7CD0E8004CFC5A /* AppDelegate.swift */ = {isa = PBXFileReference; lastKnownFileType = sourcecode.swift; path = AppDelegate.swift; sourceTree = "<group>"; };
		38D431B12A7CD0E8004CFC5A /* SceneDelegate.swift */ = {isa = PBXFileReference; lastKnownFileType = sourcecode.swift; path = SceneDelegate.swift; sourceTree = "<group>"; };
		38D431B62A7CD0E8004CFC5A /* Base */ = {isa = PBXFileReference; lastKnownFileType = file.storyboard; name = Base; path = Base.lproj/Main.storyboard; sourceTree = "<group>"; };
		38D431B82A7CD0E9004CFC5A /* Assets.xcassets */ = {isa = PBXFileReference; lastKnownFileType = folder.assetcatalog; path = Assets.xcassets; sourceTree = "<group>"; };
		38D431BB2A7CD0E9004CFC5A /* Base */ = {isa = PBXFileReference; lastKnownFileType = file.storyboard; name = Base; path = Base.lproj/LaunchScreen.storyboard; sourceTree = "<group>"; };
		38D431BD2A7CD0E9004CFC5A /* Info.plist */ = {isa = PBXFileReference; lastKnownFileType = text.plist.xml; path = Info.plist; sourceTree = "<group>"; };
		38D431C72A7D11E5004CFC5A /* SelectionViewController.swift */ = {isa = PBXFileReference; lastKnownFileType = sourcecode.swift; path = SelectionViewController.swift; sourceTree = "<group>"; };
		38D431CC2A7D12D8004CFC5A /* VirtualPet.swift */ = {isa = PBXFileReference; lastKnownFileType = sourcecode.swift; path = VirtualPet.swift; sourceTree = "<group>"; };
		38D431D22A7D17A5004CFC5A /* VirtualPetInfo.swift */ = {isa = PBXFileReference; lastKnownFileType = sourcecode.swift; path = VirtualPetInfo.swift; sourceTree = "<group>"; };
		38D431D42A7D1958004CFC5A /* Owner.swift */ = {isa = PBXFileReference; lastKnownFileType = sourcecode.swift; path = Owner.swift; sourceTree = "<group>"; };
		38D431DC2A7D2165004CFC5A /* VirtualPetCollectionViewCell.swift */ = {isa = PBXFileReference; lastKnownFileType = sourcecode.swift; path = VirtualPetCollectionViewCell.swift; sourceTree = "<group>"; };
		38D431DD2A7D2165004CFC5A /* VirtualPetCollectionViewCell.xib */ = {isa = PBXFileReference; lastKnownFileType = file.xib; path = VirtualPetCollectionViewCell.xib; sourceTree = "<group>"; };
		38D431E12A7D378F004CFC5A /* DetailPopupViewController.swift */ = {isa = PBXFileReference; lastKnownFileType = sourcecode.swift; path = DetailPopupViewController.swift; sourceTree = "<group>"; };
		38D431E42A7E2AD1004CFC5A /* MainViewController.swift */ = {isa = PBXFileReference; lastKnownFileType = sourcecode.swift; path = MainViewController.swift; sourceTree = "<group>"; };
/* End PBXFileReference section */

/* Begin PBXFrameworksBuildPhase section */
		38D431A92A7CD0E8004CFC5A /* Frameworks */ = {
			isa = PBXFrameworksBuildPhase;
			buildActionMask = 2147483647;
			files = (
			);
			runOnlyForDeploymentPostprocessing = 0;
		};
/* End PBXFrameworksBuildPhase section */

/* Begin PBXGroup section */
		38D431A32A7CD0E8004CFC5A = {
			isa = PBXGroup;
			children = (
				38D431AE2A7CD0E8004CFC5A /* Tamagotchi */,
				38D431AD2A7CD0E8004CFC5A /* Products */,
			);
			sourceTree = "<group>";
		};
		38D431AD2A7CD0E8004CFC5A /* Products */ = {
			isa = PBXGroup;
			children = (
				38D431AC2A7CD0E8004CFC5A /* Tamagotchi.app */,
			);
			name = Products;
			sourceTree = "<group>";
		};
		38D431AE2A7CD0E8004CFC5A /* Tamagotchi */ = {
			isa = PBXGroup;
			children = (
				38D431C32A7CD144004CFC5A /* Application */,
				38D431C92A7D127F004CFC5A /* Model */,
				38D431C52A7CD15E004CFC5A /* Storyboard */,
				38D431C42A7CD150004CFC5A /* View */,
				38D431B82A7CD0E9004CFC5A /* Assets.xcassets */,
				38D431BD2A7CD0E9004CFC5A /* Info.plist */,
			);
			path = Tamagotchi;
			sourceTree = "<group>";
		};
		38D431C32A7CD144004CFC5A /* Application */ = {
			isa = PBXGroup;
			children = (
				38D431AF2A7CD0E8004CFC5A /* AppDelegate.swift */,
				38D431B12A7CD0E8004CFC5A /* SceneDelegate.swift */,
			);
			path = Application;
			sourceTree = "<group>";
		};
		38D431C42A7CD150004CFC5A /* View */ = {
			isa = PBXGroup;
			children = (
				38D431E32A7E2AB9004CFC5A /* MainView */,
				38D431E02A7D371E004CFC5A /* DetailPopupView */,
				38D431C62A7D1036004CFC5A /* SelectionView */,
			);
			path = View;
			sourceTree = "<group>";
		};
		38D431C52A7CD15E004CFC5A /* Storyboard */ = {
			isa = PBXGroup;
			children = (
				38D431B52A7CD0E8004CFC5A /* Main.storyboard */,
				38D431BA2A7CD0E9004CFC5A /* LaunchScreen.storyboard */,
			);
			path = Storyboard;
			sourceTree = "<group>";
		};
		38D431C62A7D1036004CFC5A /* SelectionView */ = {
			isa = PBXGroup;
			children = (
				38D431C72A7D11E5004CFC5A /* SelectionViewController.swift */,
				38D431DC2A7D2165004CFC5A /* VirtualPetCollectionViewCell.swift */,
				38D431DD2A7D2165004CFC5A /* VirtualPetCollectionViewCell.xib */,
			);
			path = SelectionView;
			sourceTree = "<group>";
		};
		38D431C92A7D127F004CFC5A /* Model */ = {
			isa = PBXGroup;
			children = (
				38D431CC2A7D12D8004CFC5A /* VirtualPet.swift */,
				38D431D22A7D17A5004CFC5A /* VirtualPetInfo.swift */,
				38D431D42A7D1958004CFC5A /* Owner.swift */,
			);
			path = Model;
			sourceTree = "<group>";
		};
		38D431E02A7D371E004CFC5A /* DetailPopupView */ = {
			isa = PBXGroup;
			children = (
				38D431E12A7D378F004CFC5A /* DetailPopupViewController.swift */,
			);
			path = DetailPopupView;
			sourceTree = "<group>";
		};
		38D431E32A7E2AB9004CFC5A /* MainView */ = {
			isa = PBXGroup;
			children = (
				38D431E42A7E2AD1004CFC5A /* MainViewController.swift */,
			);
			path = MainView;
			sourceTree = "<group>";
		};
/* End PBXGroup section */

/* Begin PBXNativeTarget section */
		38D431AB2A7CD0E8004CFC5A /* Tamagotchi */ = {
			isa = PBXNativeTarget;
			buildConfigurationList = 38D431C02A7CD0E9004CFC5A /* Build configuration list for PBXNativeTarget "Tamagotchi" */;
			buildPhases = (
				38D431A82A7CD0E8004CFC5A /* Sources */,
				38D431A92A7CD0E8004CFC5A /* Frameworks */,
				38D431AA2A7CD0E8004CFC5A /* Resources */,
			);
			buildRules = (
			);
			dependencies = (
			);
			name = Tamagotchi;
			productName = Tamagotchi;
			productReference = 38D431AC2A7CD0E8004CFC5A /* Tamagotchi.app */;
			productType = "com.apple.product-type.application";
		};
/* End PBXNativeTarget section */

/* Begin PBXProject section */
		38D431A42A7CD0E8004CFC5A /* Project object */ = {
			isa = PBXProject;
			attributes = {
				BuildIndependentTargetsInParallel = 1;
				LastSwiftUpdateCheck = 1430;
				LastUpgradeCheck = 1430;
				TargetAttributes = {
					38D431AB2A7CD0E8004CFC5A = {
						CreatedOnToolsVersion = 14.3.1;
					};
				};
			};
			buildConfigurationList = 38D431A72A7CD0E8004CFC5A /* Build configuration list for PBXProject "Tamagotchi" */;
			compatibilityVersion = "Xcode 14.0";
			developmentRegion = en;
			hasScannedForEncodings = 0;
			knownRegions = (
				en,
				Base,
			);
			mainGroup = 38D431A32A7CD0E8004CFC5A;
			productRefGroup = 38D431AD2A7CD0E8004CFC5A /* Products */;
			projectDirPath = "";
			projectRoot = "";
			targets = (
				38D431AB2A7CD0E8004CFC5A /* Tamagotchi */,
			);
		};
/* End PBXProject section */

/* Begin PBXResourcesBuildPhase section */
		38D431AA2A7CD0E8004CFC5A /* Resources */ = {
			isa = PBXResourcesBuildPhase;
			buildActionMask = 2147483647;
			files = (
				38D431BC2A7CD0E9004CFC5A /* LaunchScreen.storyboard in Resources */,
				38D431DF2A7D2165004CFC5A /* VirtualPetCollectionViewCell.xib in Resources */,
				38D431B92A7CD0E9004CFC5A /* Assets.xcassets in Resources */,
				38D431B72A7CD0E8004CFC5A /* Main.storyboard in Resources */,
			);
			runOnlyForDeploymentPostprocessing = 0;
		};
/* End PBXResourcesBuildPhase section */

/* Begin PBXSourcesBuildPhase section */
		38D431A82A7CD0E8004CFC5A /* Sources */ = {
			isa = PBXSourcesBuildPhase;
			buildActionMask = 2147483647;
			files = (
				38D431E22A7D378F004CFC5A /* DetailPopupViewController.swift in Sources */,
				38D431B02A7CD0E8004CFC5A /* AppDelegate.swift in Sources */,
				38D431D52A7D1958004CFC5A /* Owner.swift in Sources */,
				38D431C82A7D11E5004CFC5A /* SelectionViewController.swift in Sources */,
				38D431B22A7CD0E8004CFC5A /* SceneDelegate.swift in Sources */,
				38D431DE2A7D2165004CFC5A /* VirtualPetCollectionViewCell.swift in Sources */,
				38D431E52A7E2AD1004CFC5A /* MainViewController.swift in Sources */,
				38D431CD2A7D12D8004CFC5A /* VirtualPet.swift in Sources */,
				38D431D32A7D17A5004CFC5A /* VirtualPetInfo.swift in Sources */,
			);
			runOnlyForDeploymentPostprocessing = 0;
		};
/* End PBXSourcesBuildPhase section */

/* Begin PBXVariantGroup section */
		38D431B52A7CD0E8004CFC5A /* Main.storyboard */ = {
			isa = PBXVariantGroup;
			children = (
				38D431B62A7CD0E8004CFC5A /* Base */,
			);
			name = Main.storyboard;
			sourceTree = "<group>";
		};
		38D431BA2A7CD0E9004CFC5A /* LaunchScreen.storyboard */ = {
			isa = PBXVariantGroup;
			children = (
				38D431BB2A7CD0E9004CFC5A /* Base */,
			);
			name = LaunchScreen.storyboard;
			sourceTree = "<group>";
		};
/* End PBXVariantGroup section */

/* Begin XCBuildConfiguration section */
		38D431BE2A7CD0E9004CFC5A /* Debug */ = {
			isa = XCBuildConfiguration;
			buildSettings = {
				ALWAYS_SEARCH_USER_PATHS = NO;
				CLANG_ANALYZER_NONNULL = YES;
				CLANG_ANALYZER_NUMBER_OBJECT_CONVERSION = YES_AGGRESSIVE;
				CLANG_CXX_LANGUAGE_STANDARD = "gnu++20";
				CLANG_ENABLE_MODULES = YES;
				CLANG_ENABLE_OBJC_ARC = YES;
				CLANG_ENABLE_OBJC_WEAK = YES;
				CLANG_WARN_BLOCK_CAPTURE_AUTORELEASING = YES;
				CLANG_WARN_BOOL_CONVERSION = YES;
				CLANG_WARN_COMMA = YES;
				CLANG_WARN_CONSTANT_CONVERSION = YES;
				CLANG_WARN_DEPRECATED_OBJC_IMPLEMENTATIONS = YES;
				CLANG_WARN_DIRECT_OBJC_ISA_USAGE = YES_ERROR;
				CLANG_WARN_DOCUMENTATION_COMMENTS = YES;
				CLANG_WARN_EMPTY_BODY = YES;
				CLANG_WARN_ENUM_CONVERSION = YES;
				CLANG_WARN_INFINITE_RECURSION = YES;
				CLANG_WARN_INT_CONVERSION = YES;
				CLANG_WARN_NON_LITERAL_NULL_CONVERSION = YES;
				CLANG_WARN_OBJC_IMPLICIT_RETAIN_SELF = YES;
				CLANG_WARN_OBJC_LITERAL_CONVERSION = YES;
				CLANG_WARN_OBJC_ROOT_CLASS = YES_ERROR;
				CLANG_WARN_QUOTED_INCLUDE_IN_FRAMEWORK_HEADER = YES;
				CLANG_WARN_RANGE_LOOP_ANALYSIS = YES;
				CLANG_WARN_STRICT_PROTOTYPES = YES;
				CLANG_WARN_SUSPICIOUS_MOVE = YES;
				CLANG_WARN_UNGUARDED_AVAILABILITY = YES_AGGRESSIVE;
				CLANG_WARN_UNREACHABLE_CODE = YES;
				CLANG_WARN__DUPLICATE_METHOD_MATCH = YES;
				COPY_PHASE_STRIP = NO;
				DEBUG_INFORMATION_FORMAT = dwarf;
				ENABLE_STRICT_OBJC_MSGSEND = YES;
				ENABLE_TESTABILITY = YES;
				GCC_C_LANGUAGE_STANDARD = gnu11;
				GCC_DYNAMIC_NO_PIC = NO;
				GCC_NO_COMMON_BLOCKS = YES;
				GCC_OPTIMIZATION_LEVEL = 0;
				GCC_PREPROCESSOR_DEFINITIONS = (
					"DEBUG=1",
					"$(inherited)",
				);
				GCC_WARN_64_TO_32_BIT_CONVERSION = YES;
				GCC_WARN_ABOUT_RETURN_TYPE = YES_ERROR;
				GCC_WARN_UNDECLARED_SELECTOR = YES;
				GCC_WARN_UNINITIALIZED_AUTOS = YES_AGGRESSIVE;
				GCC_WARN_UNUSED_FUNCTION = YES;
				GCC_WARN_UNUSED_VARIABLE = YES;
				IPHONEOS_DEPLOYMENT_TARGET = 16.4;
				MTL_ENABLE_DEBUG_INFO = INCLUDE_SOURCE;
				MTL_FAST_MATH = YES;
				ONLY_ACTIVE_ARCH = YES;
				SDKROOT = iphoneos;
				SWIFT_ACTIVE_COMPILATION_CONDITIONS = DEBUG;
				SWIFT_OPTIMIZATION_LEVEL = "-Onone";
			};
			name = Debug;
		};
		38D431BF2A7CD0E9004CFC5A /* Release */ = {
			isa = XCBuildConfiguration;
			buildSettings = {
				ALWAYS_SEARCH_USER_PATHS = NO;
				CLANG_ANALYZER_NONNULL = YES;
				CLANG_ANALYZER_NUMBER_OBJECT_CONVERSION = YES_AGGRESSIVE;
				CLANG_CXX_LANGUAGE_STANDARD = "gnu++20";
				CLANG_ENABLE_MODULES = YES;
				CLANG_ENABLE_OBJC_ARC = YES;
				CLANG_ENABLE_OBJC_WEAK = YES;
				CLANG_WARN_BLOCK_CAPTURE_AUTORELEASING = YES;
				CLANG_WARN_BOOL_CONVERSION = YES;
				CLANG_WARN_COMMA = YES;
				CLANG_WARN_CONSTANT_CONVERSION = YES;
				CLANG_WARN_DEPRECATED_OBJC_IMPLEMENTATIONS = YES;
				CLANG_WARN_DIRECT_OBJC_ISA_USAGE = YES_ERROR;
				CLANG_WARN_DOCUMENTATION_COMMENTS = YES;
				CLANG_WARN_EMPTY_BODY = YES;
				CLANG_WARN_ENUM_CONVERSION = YES;
				CLANG_WARN_INFINITE_RECURSION = YES;
				CLANG_WARN_INT_CONVERSION = YES;
				CLANG_WARN_NON_LITERAL_NULL_CONVERSION = YES;
				CLANG_WARN_OBJC_IMPLICIT_RETAIN_SELF = YES;
				CLANG_WARN_OBJC_LITERAL_CONVERSION = YES;
				CLANG_WARN_OBJC_ROOT_CLASS = YES_ERROR;
				CLANG_WARN_QUOTED_INCLUDE_IN_FRAMEWORK_HEADER = YES;
				CLANG_WARN_RANGE_LOOP_ANALYSIS = YES;
				CLANG_WARN_STRICT_PROTOTYPES = YES;
				CLANG_WARN_SUSPICIOUS_MOVE = YES;
				CLANG_WARN_UNGUARDED_AVAILABILITY = YES_AGGRESSIVE;
				CLANG_WARN_UNREACHABLE_CODE = YES;
				CLANG_WARN__DUPLICATE_METHOD_MATCH = YES;
				COPY_PHASE_STRIP = NO;
				DEBUG_INFORMATION_FORMAT = "dwarf-with-dsym";
				ENABLE_NS_ASSERTIONS = NO;
				ENABLE_STRICT_OBJC_MSGSEND = YES;
				GCC_C_LANGUAGE_STANDARD = gnu11;
				GCC_NO_COMMON_BLOCKS = YES;
				GCC_WARN_64_TO_32_BIT_CONVERSION = YES;
				GCC_WARN_ABOUT_RETURN_TYPE = YES_ERROR;
				GCC_WARN_UNDECLARED_SELECTOR = YES;
				GCC_WARN_UNINITIALIZED_AUTOS = YES_AGGRESSIVE;
				GCC_WARN_UNUSED_FUNCTION = YES;
				GCC_WARN_UNUSED_VARIABLE = YES;
				IPHONEOS_DEPLOYMENT_TARGET = 16.4;
				MTL_ENABLE_DEBUG_INFO = NO;
				MTL_FAST_MATH = YES;
				SDKROOT = iphoneos;
				SWIFT_COMPILATION_MODE = wholemodule;
				SWIFT_OPTIMIZATION_LEVEL = "-O";
				VALIDATE_PRODUCT = YES;
			};
			name = Release;
		};
		38D431C12A7CD0E9004CFC5A /* Debug */ = {
			isa = XCBuildConfiguration;
			buildSettings = {
				ASSETCATALOG_COMPILER_APPICON_NAME = AppIcon;
				ASSETCATALOG_COMPILER_GLOBAL_ACCENT_COLOR_NAME = AccentColor;
				CODE_SIGN_STYLE = Automatic;
				CURRENT_PROJECT_VERSION = 1;
				DEVELOPMENT_TEAM = 3UNP2C529F;
				GENERATE_INFOPLIST_FILE = YES;
				INFOPLIST_FILE = Tamagotchi/Info.plist;
				INFOPLIST_KEY_UIApplicationSupportsIndirectInputEvents = YES;
				INFOPLIST_KEY_UILaunchStoryboardName = LaunchScreen;
				INFOPLIST_KEY_UIMainStoryboardFile = Main;
				INFOPLIST_KEY_UISupportedInterfaceOrientations = UIInterfaceOrientationPortrait;
				INFOPLIST_KEY_UISupportedInterfaceOrientations_iPad = "UIInterfaceOrientationLandscapeLeft UIInterfaceOrientationLandscapeRight UIInterfaceOrientationPortrait UIInterfaceOrientationPortraitUpsideDown";
				IPHONEOS_DEPLOYMENT_TARGET = 15.0;
				LD_RUNPATH_SEARCH_PATHS = (
					"$(inherited)",
					"@executable_path/Frameworks",
				);
				MARKETING_VERSION = 1.0;
				PRODUCT_BUNDLE_IDENTIFIER = com.andyarchive.Tamagotchi;
				PRODUCT_NAME = "$(TARGET_NAME)";
				SUPPORTED_PLATFORMS = "iphoneos iphonesimulator";
				SUPPORTS_MACCATALYST = NO;
				SUPPORTS_MAC_DESIGNED_FOR_IPHONE_IPAD = NO;
				SWIFT_EMIT_LOC_STRINGS = YES;
				SWIFT_VERSION = 5.0;
				TARGETED_DEVICE_FAMILY = 1;
			};
			name = Debug;
		};
		38D431C22A7CD0E9004CFC5A /* Release */ = {
			isa = XCBuildConfiguration;
			buildSettings = {
				ASSETCATALOG_COMPILER_APPICON_NAME = AppIcon;
				ASSETCATALOG_COMPILER_GLOBAL_ACCENT_COLOR_NAME = AccentColor;
				CODE_SIGN_STYLE = Automatic;
				CURRENT_PROJECT_VERSION = 1;
				DEVELOPMENT_TEAM = 3UNP2C529F;
				GENERATE_INFOPLIST_FILE = YES;
				INFOPLIST_FILE = Tamagotchi/Info.plist;
				INFOPLIST_KEY_UIApplicationSupportsIndirectInputEvents = YES;
				INFOPLIST_KEY_UILaunchStoryboardName = LaunchScreen;
				INFOPLIST_KEY_UIMainStoryboardFile = Main;
				INFOPLIST_KEY_UISupportedInterfaceOrientations = UIInterfaceOrientationPortrait;
				INFOPLIST_KEY_UISupportedInterfaceOrientations_iPad = "UIInterfaceOrientationLandscapeLeft UIInterfaceOrientationLandscapeRight UIInterfaceOrientationPortrait UIInterfaceOrientationPortraitUpsideDown";
				IPHONEOS_DEPLOYMENT_TARGET = 15.0;
				LD_RUNPATH_SEARCH_PATHS = (
					"$(inherited)",
					"@executable_path/Frameworks",
				);
				MARKETING_VERSION = 1.0;
				PRODUCT_BUNDLE_IDENTIFIER = com.andyarchive.Tamagotchi;
				PRODUCT_NAME = "$(TARGET_NAME)";
				SUPPORTED_PLATFORMS = "iphoneos iphonesimulator";
				SUPPORTS_MACCATALYST = NO;
				SUPPORTS_MAC_DESIGNED_FOR_IPHONE_IPAD = NO;
				SWIFT_EMIT_LOC_STRINGS = YES;
				SWIFT_VERSION = 5.0;
				TARGETED_DEVICE_FAMILY = 1;
			};
			name = Release;
		};
/* End XCBuildConfiguration section */

/* Begin XCConfigurationList section */
		38D431A72A7CD0E8004CFC5A /* Build configuration list for PBXProject "Tamagotchi" */ = {
			isa = XCConfigurationList;
			buildConfigurations = (
				38D431BE2A7CD0E9004CFC5A /* Debug */,
				38D431BF2A7CD0E9004CFC5A /* Release */,
			);
			defaultConfigurationIsVisible = 0;
			defaultConfigurationName = Release;
		};
		38D431C02A7CD0E9004CFC5A /* Build configuration list for PBXNativeTarget "Tamagotchi" */ = {
			isa = XCConfigurationList;
			buildConfigurations = (
				38D431C12A7CD0E9004CFC5A /* Debug */,
				38D431C22A7CD0E9004CFC5A /* Release */,
			);
			defaultConfigurationIsVisible = 0;
			defaultConfigurationName = Release;
		};
/* End XCConfigurationList section */
	};
	rootObject = 38D431A42A7CD0E8004CFC5A /* Project object */;
}
